
Microsoft Visual Studio Solution File, Format Version 12.00
# Visual Studio Version 17
VisualStudioVersion = 17.0.32112.339
MinimumVisualStudioVersion = 10.0.40219.1
Project("{FAE04EC0-301F-11D3-BF4B-00C04F79EFBC}") = "SoftAllianceMovie", "SoftAllianceMovie\SoftAllianceMovie.csproj", "{7A59B59E-AFA7-4B0C-8553-4F0ED454E635}"
EndProject
Global
	GlobalSection(SolutionConfigurationPlatforms) = preSolution
		Debug|Any CPU = Debug|Any CPU
		Release|Any CPU = Release|Any CPU
	EndGlobalSection
	GlobalSection(ProjectConfigurationPlatforms) = postSolution
		{7A59B59E-AFA7-4B0C-8553-4F0ED454E635}.Debug|Any CPU.ActiveCfg = Debug|Any CPU
		{7A59B59E-AFA7-4B0C-8553-4F0ED454E635}.Debug|Any CPU.Build.0 = Debug|Any CPU
		{7A59B59E-AFA7-4B0C-8553-4F0ED454E635}.Release|Any CPU.ActiveCfg = Release|Any CPU
		{7A59B59E-AFA7-4B0C-8553-4F0ED454E635}.Release|Any CPU.Build.0 = Release|Any CPU
	EndGlobalSection
	GlobalSection(SolutionProperties) = preSolution
		HideSolutionNode = FALSE
	EndGlobalSection
	GlobalSection(ExtensibilityGlobals) = postSolution
		SolutionGuid = {FE182767-C0BC-4481-BD14-0B43351C807B}
	EndGlobalSection
EndGlobal
